
Microsoft Visual Studio Solution File, Format Version 12.00
# Visual Studio Version 17
VisualStudioVersion = 17.6.33829.357
MinimumVisualStudioVersion = 10.0.40219.1
Project("{FAE04EC0-301F-11D3-BF4B-00C04F79EFBC}") = "BankingProjectMVC", "BankingProjectMVC.csproj", "{05643769-7866-4CBE-86B2-03C1C15B6E23}"
EndProject
Global
	GlobalSection(SolutionConfigurationPlatforms) = preSolution
		Debug|Any CPU = Debug|Any CPU
		Release|Any CPU = Release|Any CPU
	EndGlobalSection
	GlobalSection(ProjectConfigurationPlatforms) = postSolution
		{05643769-7866-4CBE-86B2-03C1C15B6E23}.Debug|Any CPU.ActiveCfg = Debug|Any CPU
		{05643769-7866-4CBE-86B2-03C1C15B6E23}.Debug|Any CPU.Build.0 = Debug|Any CPU
		{05643769-7866-4CBE-86B2-03C1C15B6E23}.Release|Any CPU.ActiveCfg = Release|Any CPU
		{05643769-7866-4CBE-86B2-03C1C15B6E23}.Release|Any CPU.Build.0 = Release|Any CPU
	EndGlobalSection
	GlobalSection(SolutionProperties) = preSolution
		HideSolutionNode = FALSE
	EndGlobalSection
	GlobalSection(ExtensibilityGlobals) = postSolution
		SolutionGuid = {F39515BE-7AC9-48D9-9D67-FCD908551A2C}
	EndGlobalSection
EndGlobal
